{
  "requires": true,
  "lockfileVersion": 1,
  "dependencies": {
    "classnames": {
      "version": "2.2.6",
      "resolved": "https://repo.adeo.no/repository/npm-public/classnames/-/classnames-2.2.6.tgz",
      "integrity": "sha512-JR/iSQOSt+LQIWwrwEzJ9uk0xfN3mTVYMwt1Ir5mUcSN6pU+V4zQFFaJsclJbPuAUQH+yfWef6tm7l1quW3C8Q=="
    },
    "js-tokens": {
      "version": "4.0.0",
      "resolved": "https://repo.adeo.no/repository/npm-public/js-tokens/-/js-tokens-4.0.0.tgz",
      "integrity": "sha512-RdJUflcE3cUzKiMqQgsCu06FPu9UdIJO0beYbPhHN4k6apgJtifcoCtT9bcxOpYBtpD2kCM6Sbzg4CausW/PKQ=="
    },
    "lodash.throttle": {
      "version": "4.1.1",
      "resolved": "https://repo.adeo.no/repository/npm-public/lodash.throttle/-/lodash.throttle-4.1.1.tgz",
      "integrity": "sha1-wj6RtxAkKscMN/HhzaknTMOb8vQ="
    },
    "loose-envify": {
      "version": "1.4.0",
      "resolved": "https://repo.adeo.no/repository/npm-public/loose-envify/-/loose-envify-1.4.0.tgz",
      "integrity": "sha512-lyuxPGr/Wfhrlem2CL/UcnUc1zcqKAImBDzukY7Y5F/yQiNdko6+fRLevlw1HgMySw7f611UIY408EtxRSoK3Q==",
      "requires": {
        "js-tokens": "^3.0.0 || ^4.0.0"
      }
    },
    "nav-frontend-core": {
      "version": "4.0.5",
      "resolved": "https://repo.adeo.no/repository/npm-public/nav-frontend-core/-/nav-frontend-core-4.0.5.tgz",
      "integrity": "sha1-MJyd5qUUbo6Ts/UtT8Qswwms3KE="
    },
    "nav-frontend-js-utils": {
      "version": "1.0.6",
      "resolved": "https://repo.adeo.no/repository/npm-public/nav-frontend-js-utils/-/nav-frontend-js-utils-1.0.6.tgz",
      "integrity": "sha512-d9aOUnIREijWV1454WwHLnz4bz3qD1qAPKrH2xQDruBFkKJRoyidzW+aLTMABKe9OeCpEIq2HOkMPbB2v6mpEw=="
    },
    "nav-frontend-skjema": {
      "version": "1.0.36",
      "resolved": "https://repo.adeo.no/repository/npm-public/nav-frontend-skjema/-/nav-frontend-skjema-1.0.36.tgz",
      "integrity": "sha512-S38uEQb26oaN7IY5UvW+NFr+mKoaJr7+lMlFOxSwmUCWQzBl4f2NpwPbOS+sP3pt14UHRqrheODGgSQgAbNqOg=="
    },
    "nav-frontend-skjema-style": {
      "version": "1.0.17",
      "resolved": "https://repo.adeo.no/repository/npm-public/nav-frontend-skjema-style/-/nav-frontend-skjema-style-1.0.17.tgz",
      "integrity": "sha512-yYG8fkpw0QqATLRz5++8mlg3J29ic3BbTQQ4q7IStk/fKV6P5i20FAMvFfm9Xi27p0kGOTenunOxI79gmY/r/A=="
    },
    "nav-frontend-typografi-style": {
      "version": "1.0.10",
      "resolved": "https://repo.adeo.no/repository/npm-public/nav-frontend-typografi-style/-/nav-frontend-typografi-style-1.0.10.tgz",
      "integrity": "sha512-A3QUFJmyHEATKfr1wnsHLcQu/haa3j07ILoBcX0EmqQgvF0ey7ipMjFKal8ckOSMYWJuzqK7nlTBdFPqZvE6Vw==",
      "requires": {
        "nav-frontend-core": "^4.0.2"
      }
    },
    "object-assign": {
      "version": "4.1.1",
      "resolved": "https://repo.adeo.no/repository/npm-public/object-assign/-/object-assign-4.1.1.tgz",
      "integrity": "sha1-IQmtx5ZYh8/AXLvUQsrIv7s2CGM="
    },
    "prop-types": {
      "version": "15.6.2",
      "resolved": "https://repo.adeo.no/repository/npm-public/prop-types/-/prop-types-15.6.2.tgz",
      "integrity": "sha512-3pboPvLiWD7dkI3qf3KbUe6hKFKa52w+AE0VCqECtf+QHAKgOL37tTaNCnuX1nAAQ4ZhyP+kYVKf8rLmJ/feDQ==",
      "requires": {
        "loose-envify": "^1.3.1",
        "object-assign": "^4.1.1"
      }
    },
    "react": {
      "version": "16.5.2",
      "resolved": "https://repo.adeo.no/repository/npm-public/react/-/react-16.5.2.tgz",
      "integrity": "sha512-FDCSVd3DjVTmbEAjUNX6FgfAmQ+ypJfHUsqUJOYNCBUp1h8lqmtC+0mXJ+JjsWx4KAVTkk1vKd1hLQPvEviSuw==",
      "requires": {
        "loose-envify": "^1.1.0",
        "object-assign": "^4.1.1",
        "prop-types": "^15.6.2",
        "schedule": "^0.5.0"
      }
    },
    "schedule": {
      "version": "0.5.0",
      "resolved": "https://repo.adeo.no/repository/npm-public/schedule/-/schedule-0.5.0.tgz",
      "integrity": "sha512-HUcJicG5Ou8xfR//c2rPT0lPIRR09vVvN81T9fqfVgBmhERUbDEQoYKjpBxbueJnCPpSu2ujXzOnRQt6x9o/jw==",
      "requires": {
        "object-assign": "^4.1.1"
      }
    }
  }
}
